
Microsoft Visual Studio Solution File, Format Version 12.00
# Visual Studio Version 16
VisualStudioVersion = 16.0.30002.166
MinimumVisualStudioVersion = 10.0.40219.1
Project("{FAE04EC0-301F-11D3-BF4B-00C04F79EFBC}") = "DuplicateImageFinder", "DuplicateImageFinder\DuplicateImageFinder.csproj", "{3AC1191D-B106-43C7-AA3D-B36DEC6CDCD5}"
EndProject
Global
	GlobalSection(SolutionConfigurationPlatforms) = preSolution
		Debug|Any CPU = Debug|Any CPU
		Release|Any CPU = Release|Any CPU
	EndGlobalSection
	GlobalSection(ProjectConfigurationPlatforms) = postSolution
		{3AC1191D-B106-43C7-AA3D-B36DEC6CDCD5}.Debug|Any CPU.ActiveCfg = Debug|Any CPU
		{3AC1191D-B106-43C7-AA3D-B36DEC6CDCD5}.Debug|Any CPU.Build.0 = Debug|Any CPU
		{3AC1191D-B106-43C7-AA3D-B36DEC6CDCD5}.Release|Any CPU.ActiveCfg = Release|Any CPU
		{3AC1191D-B106-43C7-AA3D-B36DEC6CDCD5}.Release|Any CPU.Build.0 = Release|Any CPU
	EndGlobalSection
	GlobalSection(SolutionProperties) = preSolution
		HideSolutionNode = FALSE
	EndGlobalSection
	GlobalSection(ExtensibilityGlobals) = postSolution
		SolutionGuid = {3A42B968-A754-4E16-BD3A-2C9B6865315B}
	EndGlobalSection
EndGlobal
